
Microsoft Visual Studio Solution File, Format Version 12.00
# Visual Studio Version 17
VisualStudioVersion = 17.6.33723.286
MinimumVisualStudioVersion = 10.0.40219.1
Project("{9A19103F-16F7-4668-BE54-9A1E7A4F7556}") = "InvoiceAuditApp.Domain", "InvoiceAuditApp.Domain\InvoiceAuditApp.Domain.csproj", "{B6FCD6D2-3493-4485-8C30-14690E541656}"
EndProject
Project("{FAE04EC0-301F-11D3-BF4B-00C04F79EFBC}") = "InvoiceAuditApp.ConsoleUI", "InvoiceAuditApp.ConsoleUI\InvoiceAuditApp.ConsoleUI.csproj", "{0AA55589-4BF9-4433-8E9C-B2E1EC710CF5}"
EndProject
Global
	GlobalSection(SolutionConfigurationPlatforms) = preSolution
		Debug|Any CPU = Debug|Any CPU
		Release|Any CPU = Release|Any CPU
	EndGlobalSection
	GlobalSection(ProjectConfigurationPlatforms) = postSolution
		{B6FCD6D2-3493-4485-8C30-14690E541656}.Debug|Any CPU.ActiveCfg = Debug|Any CPU
		{B6FCD6D2-3493-4485-8C30-14690E541656}.Debug|Any CPU.Build.0 = Debug|Any CPU
		{B6FCD6D2-3493-4485-8C30-14690E541656}.Release|Any CPU.ActiveCfg = Release|Any CPU
		{B6FCD6D2-3493-4485-8C30-14690E541656}.Release|Any CPU.Build.0 = Release|Any CPU
		{0AA55589-4BF9-4433-8E9C-B2E1EC710CF5}.Debug|Any CPU.ActiveCfg = Debug|Any CPU
		{0AA55589-4BF9-4433-8E9C-B2E1EC710CF5}.Debug|Any CPU.Build.0 = Debug|Any CPU
		{0AA55589-4BF9-4433-8E9C-B2E1EC710CF5}.Release|Any CPU.ActiveCfg = Release|Any CPU
		{0AA55589-4BF9-4433-8E9C-B2E1EC710CF5}.Release|Any CPU.Build.0 = Release|Any CPU
	EndGlobalSection
	GlobalSection(SolutionProperties) = preSolution
		HideSolutionNode = FALSE
	EndGlobalSection
	GlobalSection(ExtensibilityGlobals) = postSolution
		SolutionGuid = {530977AB-09B4-493B-98AF-95BDD1A18CB0}
	EndGlobalSection
EndGlobal
